
Microsoft Visual Studio Solution File, Format Version 12.00
# Visual Studio Version 17
VisualStudioVersion = 17.7.34031.279
MinimumVisualStudioVersion = 10.0.40219.1
Project("{FAE04EC0-301F-11D3-BF4B-00C04F79EFBC}") = "LanguageAcademy", "LanguageAcademy.csproj", "{C327E21E-6FDD-425F-9890-58F00417DE07}"
EndProject
Global
	GlobalSection(SolutionConfigurationPlatforms) = preSolution
		Debug|Any CPU = Debug|Any CPU
		Release|Any CPU = Release|Any CPU
	EndGlobalSection
	GlobalSection(ProjectConfigurationPlatforms) = postSolution
		{C327E21E-6FDD-425F-9890-58F00417DE07}.Debug|Any CPU.ActiveCfg = Debug|Any CPU
		{C327E21E-6FDD-425F-9890-58F00417DE07}.Debug|Any CPU.Build.0 = Debug|Any CPU
		{C327E21E-6FDD-425F-9890-58F00417DE07}.Release|Any CPU.ActiveCfg = Release|Any CPU
		{C327E21E-6FDD-425F-9890-58F00417DE07}.Release|Any CPU.Build.0 = Release|Any CPU
	EndGlobalSection
	GlobalSection(SolutionProperties) = preSolution
		HideSolutionNode = FALSE
	EndGlobalSection
	GlobalSection(ExtensibilityGlobals) = postSolution
		SolutionGuid = {92A3597D-6B51-430D-AAC7-EA7B1AA5820C}
	EndGlobalSection
EndGlobal
